Microsoft Visual Studio Solution File, Format Version 12.00
# Visual Studio Version 17
VisualStudioVersion = 17.5.2.0
MinimumVisualStudioVersion = 10.0.40219.1
Project("{FAE04EC0-301F-11D3-BF4B-00C04F79EFBC}") = "AzureEventHubsConsoleApp", "AzureEventHubsConsoleApp.csproj", "{545F4BB3-9BDB-583F-6580-629D877CAB82}"
EndProject
Global
	GlobalSection(SolutionConfigurationPlatforms) = preSolution
		Debug|Any CPU = Debug|Any CPU
		Release|Any CPU = Release|Any CPU
	EndGlobalSection
	GlobalSection(ProjectConfigurationPlatforms) = postSolution
		{545F4BB3-9BDB-583F-6580-629D877CAB82}.Debug|Any CPU.ActiveCfg = Debug|Any CPU
		{545F4BB3-9BDB-583F-6580-629D877CAB82}.Debug|Any CPU.Build.0 = Debug|Any CPU
		{545F4BB3-9BDB-583F-6580-629D877CAB82}.Release|Any CPU.ActiveCfg = Release|Any CPU
		{545F4BB3-9BDB-583F-6580-629D877CAB82}.Release|Any CPU.Build.0 = Release|Any CPU
	EndGlobalSection
	GlobalSection(SolutionProperties) = preSolution
		HideSolutionNode = FALSE
	EndGlobalSection
	GlobalSection(ExtensibilityGlobals) = postSolution
		SolutionGuid = {6D012BC9-10C3-4513-BB76-011337D4906C}
	EndGlobalSection
EndGlobal
